
Microsoft Visual Studio Solution File, Format Version 12.00
# Visual Studio Version 16
VisualStudioVersion = 16.0.30611.23
MinimumVisualStudioVersion = 10.0.40219.1
Project("{FAE04EC0-301F-11D3-BF4B-00C04F79EFBC}") = "Comptelpan", "Comptelpan.csproj", "{7A059010-DA95-47DE-99F5-86AC4EF6B5A2}"
EndProject
Global
	GlobalSection(SolutionConfigurationPlatforms) = preSolution
		Debug|Any CPU = Debug|Any CPU
		Release|Any CPU = Release|Any CPU
	EndGlobalSection
	GlobalSection(ProjectConfigurationPlatforms) = postSolution
		{7A059010-DA95-47DE-99F5-86AC4EF6B5A2}.Debug|Any CPU.ActiveCfg = Debug|Any CPU
		{7A059010-DA95-47DE-99F5-86AC4EF6B5A2}.Debug|Any CPU.Build.0 = Debug|Any CPU
		{7A059010-DA95-47DE-99F5-86AC4EF6B5A2}.Release|Any CPU.ActiveCfg = Release|Any CPU
		{7A059010-DA95-47DE-99F5-86AC4EF6B5A2}.Release|Any CPU.Build.0 = Release|Any CPU
	EndGlobalSection
	GlobalSection(SolutionProperties) = preSolution
		HideSolutionNode = FALSE
	EndGlobalSection
	GlobalSection(ExtensibilityGlobals) = postSolution
		SolutionGuid = {C9941A02-43FE-43C9-8500-905F3B72AD20}
	EndGlobalSection
EndGlobal
